
Microsoft Visual Studio Solution File, Format Version 12.00
# Visual Studio Version 16
VisualStudioVersion = 16.0.30011.22
MinimumVisualStudioVersion = 10.0.40219.1
Project("{FAE04EC0-301F-11D3-BF4B-00C04F79EFBC}") = "MemCachedLib.Test", "MemCachedLib.Test\MemCachedLib.Test.csproj", "{C36DF47C-2F13-4FE3-9503-3D44EFDD4DF9}"
EndProject
Project("{FAE04EC0-301F-11D3-BF4B-00C04F79EFBC}") = "MemCachedLib", "MemCachedLib\MemCachedLib.csproj", "{41777A62-2D06-4CCD-A6D1-59DDB61770BA}"
EndProject
Global
	GlobalSection(SolutionConfigurationPlatforms) = preSolution
		Debug|Any CPU = Debug|Any CPU
		Release|Any CPU = Release|Any CPU
	EndGlobalSection
	GlobalSection(ProjectConfigurationPlatforms) = postSolution
		{C36DF47C-2F13-4FE3-9503-3D44EFDD4DF9}.Debug|Any CPU.ActiveCfg = Debug|Any CPU
		{C36DF47C-2F13-4FE3-9503-3D44EFDD4DF9}.Debug|Any CPU.Build.0 = Debug|Any CPU
		{C36DF47C-2F13-4FE3-9503-3D44EFDD4DF9}.Release|Any CPU.ActiveCfg = Release|Any CPU
		{C36DF47C-2F13-4FE3-9503-3D44EFDD4DF9}.Release|Any CPU.Build.0 = Release|Any CPU
		{41777A62-2D06-4CCD-A6D1-59DDB61770BA}.Debug|Any CPU.ActiveCfg = Debug|Any CPU
		{41777A62-2D06-4CCD-A6D1-59DDB61770BA}.Debug|Any CPU.Build.0 = Debug|Any CPU
		{41777A62-2D06-4CCD-A6D1-59DDB61770BA}.Release|Any CPU.ActiveCfg = Release|Any CPU
		{41777A62-2D06-4CCD-A6D1-59DDB61770BA}.Release|Any CPU.Build.0 = Release|Any CPU
	EndGlobalSection
	GlobalSection(SolutionProperties) = preSolution
		HideSolutionNode = FALSE
	EndGlobalSection
	GlobalSection(ExtensibilityGlobals) = postSolution
		SolutionGuid = {016439E0-F4AA-4695-8BCA-F6438DBFC859}
	EndGlobalSection
EndGlobal
